
Microsoft Visual Studio Solution File, Format Version 12.00
# Visual Studio Version 17
VisualStudioVersion = 17.0.32112.339
MinimumVisualStudioVersion = 10.0.40219.1
Project("{FAE04EC0-301F-11D3-BF4B-00C04F79EFBC}") = "UI", "UI\UI.csproj", "{C0586261-E370-4B55-9451-7013F97E0A73}"
EndProject
Project("{FAE04EC0-301F-11D3-BF4B-00C04F79EFBC}") = "Entities", "Entities\Entities.csproj", "{13D235D1-C210-49C3-AA68-B24C85653AE5}"
EndProject
Project("{FAE04EC0-301F-11D3-BF4B-00C04F79EFBC}") = "DAL", "DAL\DAL.csproj", "{2173A5AC-7846-4B65-B40A-5482C0BF7F8D}"
EndProject
Project("{FAE04EC0-301F-11D3-BF4B-00C04F79EFBC}") = "BL", "BL\BL.csproj", "{7CF80FFB-AF51-4B46-971F-18474271FA8B}"
EndProject
Global
	GlobalSection(SolutionConfigurationPlatforms) = preSolution
		Debug|Any CPU = Debug|Any CPU
		Release|Any CPU = Release|Any CPU
	EndGlobalSection
	GlobalSection(ProjectConfigurationPlatforms) = postSolution
		{C0586261-E370-4B55-9451-7013F97E0A73}.Debug|Any CPU.ActiveCfg = Debug|Any CPU
		{C0586261-E370-4B55-9451-7013F97E0A73}.Debug|Any CPU.Build.0 = Debug|Any CPU
		{C0586261-E370-4B55-9451-7013F97E0A73}.Release|Any CPU.ActiveCfg = Release|Any CPU
		{C0586261-E370-4B55-9451-7013F97E0A73}.Release|Any CPU.Build.0 = Release|Any CPU
		{13D235D1-C210-49C3-AA68-B24C85653AE5}.Debug|Any CPU.ActiveCfg = Debug|Any CPU
		{13D235D1-C210-49C3-AA68-B24C85653AE5}.Debug|Any CPU.Build.0 = Debug|Any CPU
		{13D235D1-C210-49C3-AA68-B24C85653AE5}.Release|Any CPU.ActiveCfg = Release|Any CPU
		{13D235D1-C210-49C3-AA68-B24C85653AE5}.Release|Any CPU.Build.0 = Release|Any CPU
		{2173A5AC-7846-4B65-B40A-5482C0BF7F8D}.Debug|Any CPU.ActiveCfg = Debug|Any CPU
		{2173A5AC-7846-4B65-B40A-5482C0BF7F8D}.Debug|Any CPU.Build.0 = Debug|Any CPU
		{2173A5AC-7846-4B65-B40A-5482C0BF7F8D}.Release|Any CPU.ActiveCfg = Release|Any CPU
		{2173A5AC-7846-4B65-B40A-5482C0BF7F8D}.Release|Any CPU.Build.0 = Release|Any CPU
		{7CF80FFB-AF51-4B46-971F-18474271FA8B}.Debug|Any CPU.ActiveCfg = Debug|Any CPU
		{7CF80FFB-AF51-4B46-971F-18474271FA8B}.Debug|Any CPU.Build.0 = Debug|Any CPU
		{7CF80FFB-AF51-4B46-971F-18474271FA8B}.Release|Any CPU.ActiveCfg = Release|Any CPU
		{7CF80FFB-AF51-4B46-971F-18474271FA8B}.Release|Any CPU.Build.0 = Release|Any CPU
	EndGlobalSection
	GlobalSection(SolutionProperties) = preSolution
		HideSolutionNode = FALSE
	EndGlobalSection
	GlobalSection(ExtensibilityGlobals) = postSolution
		SolutionGuid = {2C655483-4265-443C-B754-AAF9D069A61C}
	EndGlobalSection
EndGlobal
